// !$*UTF8*$!
{
	archiveVersion = 1;
	classes = {
	};
	objectVersion = 56;
	objects = {

/* Begin PBXBuildFile section */
		F2C48C882AA8D81100424944 /* CircularComplicationDemoApp.swift in Sources */ = {isa = PBXBuildFile; fileRef = F2C48C872AA8D81100424944 /* CircularComplicationDemoApp.swift */; };
		F2C48C8A2AA8D81100424944 /* ContentView.swift in Sources */ = {isa = PBXBuildFile; fileRef = F2C48C892AA8D81100424944 /* ContentView.swift */; };
		F2C48C8C2AA8D81300424944 /* Assets.xcassets in Resources */ = {isa = PBXBuildFile; fileRef = F2C48C8B2AA8D81300424944 /* Assets.xcassets */; };
		F2C48C8F2AA8D81300424944 /* Preview Assets.xcassets in Resources */ = {isa = PBXBuildFile; fileRef = F2C48C8E2AA8D81300424944 /* Preview Assets.xcassets */; };
		F2C48C992AA8D81300424944 /* CircularComplicationDemo_Watch_AppTests.swift in Sources */ = {isa = PBXBuildFile; fileRef = F2C48C982AA8D81300424944 /* CircularComplicationDemo_Watch_AppTests.swift */; };
		F2C48CA32AA8D81300424944 /* CircularComplicationDemo_Watch_AppUITests.swift in Sources */ = {isa = PBXBuildFile; fileRef = F2C48CA22AA8D81300424944 /* CircularComplicationDemo_Watch_AppUITests.swift */; };
		F2C48CA52AA8D81300424944 /* CircularComplicationDemo_Watch_AppUITestsLaunchTests.swift in Sources */ = {isa = PBXBuildFile; fileRef = F2C48CA42AA8D81300424944 /* CircularComplicationDemo_Watch_AppUITestsLaunchTests.swift */; };
/* End PBXBuildFile section */

/* Begin PBXContainerItemProxy section */
		F2C48C952AA8D81300424944 /* PBXContainerItemProxy */ = {
			isa = PBXContainerItemProxy;
			containerPortal = F2C48C7C2AA8D81100424944 /* Project object */;
			proxyType = 1;
			remoteGlobalIDString = F2C48C832AA8D81100424944;
			remoteInfo = "CircularComplicationDemo Watch App";
		};
		F2C48C9F2AA8D81300424944 /* PBXContainerItemProxy */ = {
			isa = PBXContainerItemProxy;
			containerPortal = F2C48C7C2AA8D81100424944 /* Project object */;
			proxyType = 1;
			remoteGlobalIDString = F2C48C832AA8D81100424944;
			remoteInfo = "CircularComplicationDemo Watch App";
		};
/* End PBXContainerItemProxy section */

/* Begin PBXFileReference section */
		F2C48C842AA8D81100424944 /* CircularComplicationDemo Watch App.app */ = {isa = PBXFileReference; explicitFileType = wrapper.application; includeInIndex = 0; path = "CircularComplicationDemo Watch App.app"; sourceTree = BUILT_PRODUCTS_DIR; };
		F2C48C872AA8D81100424944 /* CircularComplicationDemoApp.swift */ = {isa = PBXFileReference; lastKnownFileType = sourcecode.swift; path = CircularComplicationDemoApp.swift; sourceTree = "<group>"; };
		F2C48C892AA8D81100424944 /* ContentView.swift */ = {isa = PBXFileReference; lastKnownFileType = sourcecode.swift; path = ContentView.swift; sourceTree = "<group>"; };
		F2C48C8B2AA8D81300424944 /* Assets.xcassets */ = {isa = PBXFileReference; lastKnownFileType = folder.assetcatalog; path = Assets.xcassets; sourceTree = "<group>"; };
		F2C48C8E2AA8D81300424944 /* Preview Assets.xcassets */ = {isa = PBXFileReference; lastKnownFileType = folder.assetcatalog; path = "Preview Assets.xcassets"; sourceTree = "<group>"; };
		F2C48C942AA8D81300424944 /* CircularComplicationDemo Watch AppTests.xctest */ = {isa = PBXFileReference; explicitFileType = wrapper.cfbundle; includeInIndex = 0; path = "CircularComplicationDemo Watch AppTests.xctest"; sourceTree = BUILT_PRODUCTS_DIR; };
		F2C48C982AA8D81300424944 /* CircularComplicationDemo_Watch_AppTests.swift */ = {isa = PBXFileReference; lastKnownFileType = sourcecode.swift; path = CircularComplicationDemo_Watch_AppTests.swift; sourceTree = "<group>"; };
		F2C48C9E2AA8D81300424944 /* CircularComplicationDemo Watch AppUITests.xctest */ = {isa = PBXFileReference; explicitFileType = wrapper.cfbundle; includeInIndex = 0; path = "CircularComplicationDemo Watch AppUITests.xctest"; sourceTree = BUILT_PRODUCTS_DIR; };
		F2C48CA22AA8D81300424944 /* CircularComplicationDemo_Watch_AppUITests.swift */ = {isa = PBXFileReference; lastKnownFileType = sourcecode.swift; path = CircularComplicationDemo_Watch_AppUITests.swift; sourceTree = "<group>"; };
		F2C48CA42AA8D81300424944 /* CircularComplicationDemo_Watch_AppUITestsLaunchTests.swift */ = {isa = PBXFileReference; lastKnownFileType = sourcecode.swift; path = CircularComplicationDemo_Watch_AppUITestsLaunchTests.swift; sourceTree = "<group>"; };
/* End PBXFileReference section */

/* Begin PBXFrameworksBuildPhase section */
		F2C48C812AA8D81100424944 /* Frameworks */ = {
			isa = PBXFrameworksBuildPhase;
			buildActionMask = 2147483647;
			files = (
			);
			runOnlyForDeploymentPostprocessing = 0;
		};
		F2C48C912AA8D81300424944 /* Frameworks */ = {
			isa = PBXFrameworksBuildPhase;
			buildActionMask = 2147483647;
			files = (
			);
			runOnlyForDeploymentPostprocessing = 0;
		};
		F2C48C9B2AA8D81300424944 /* Frameworks */ = {
			isa = PBXFrameworksBuildPhase;
			buildActionMask = 2147483647;
			files = (
			);
			runOnlyForDeploymentPostprocessing = 0;
		};
/* End PBXFrameworksBuildPhase section */

/* Begin PBXGroup section */
		F2C48C7B2AA8D81100424944 = {
			isa = PBXGroup;
			children = (
				F2C48C862AA8D81100424944 /* CircularComplicationDemo Watch App */,
				F2C48C972AA8D81300424944 /* CircularComplicationDemo Watch AppTests */,
				F2C48CA12AA8D81300424944 /* CircularComplicationDemo Watch AppUITests */,
				F2C48C852AA8D81100424944 /* Products */,
			);
			sourceTree = "<group>";
		};
		F2C48C852AA8D81100424944 /* Products */ = {
			isa = PBXGroup;
			children = (
				F2C48C842AA8D81100424944 /* CircularComplicationDemo Watch App.app */,
				F2C48C942AA8D81300424944 /* CircularComplicationDemo Watch AppTests.xctest */,
				F2C48C9E2AA8D81300424944 /* CircularComplicationDemo Watch AppUITests.xctest */,
			);
			name = Products;
			sourceTree = "<group>";
		};
		F2C48C862AA8D81100424944 /* CircularComplicationDemo Watch App */ = {
			isa = PBXGroup;
			children = (
				F2C48C872AA8D81100424944 /* CircularComplicationDemoApp.swift */,
				F2C48C892AA8D81100424944 /* ContentView.swift */,
				F2C48C8B2AA8D81300424944 /* Assets.xcassets */,
				F2C48C8D2AA8D81300424944 /* Preview Content */,
			);
			path = "CircularComplicationDemo Watch App";
			sourceTree = "<group>";
		};
		F2C48C8D2AA8D81300424944 /* Preview Content */ = {
			isa = PBXGroup;
			children = (
				F2C48C8E2AA8D81300424944 /* Preview Assets.xcassets */,
			);
			path = "Preview Content";
			sourceTree = "<group>";
		};
		F2C48C972AA8D81300424944 /* CircularComplicationDemo Watch AppTests */ = {
			isa = PBXGroup;
			children = (
				F2C48C982AA8D81300424944 /* CircularComplicationDemo_Watch_AppTests.swift */,
			);
			path = "CircularComplicationDemo Watch AppTests";
			sourceTree = "<group>";
		};
		F2C48CA12AA8D81300424944 /* CircularComplicationDemo Watch AppUITests */ = {
			isa = PBXGroup;
			children = (
				F2C48CA22AA8D81300424944 /* CircularComplicationDemo_Watch_AppUITests.swift */,
				F2C48CA42AA8D81300424944 /* CircularComplicationDemo_Watch_AppUITestsLaunchTests.swift */,
			);
			path = "CircularComplicationDemo Watch AppUITests";
			sourceTree = "<group>";
		};
/* End PBXGroup section */

/* Begin PBXNativeTarget section */
		F2C48C832AA8D81100424944 /* CircularComplicationDemo Watch App */ = {
			isa = PBXNativeTarget;
			buildConfigurationList = F2C48CA82AA8D81300424944 /* Build configuration list for PBXNativeTarget "CircularComplicationDemo Watch App" */;
			buildPhases = (
				F2C48C802AA8D81100424944 /* Sources */,
				F2C48C812AA8D81100424944 /* Frameworks */,
				F2C48C822AA8D81100424944 /* Resources */,
			);
			buildRules = (
			);
			dependencies = (
			);
			name = "CircularComplicationDemo Watch App";
			productName = "CircularComplicationDemo Watch App";
			productReference = F2C48C842AA8D81100424944 /* CircularComplicationDemo Watch App.app */;
			productType = "com.apple.product-type.application";
		};
		F2C48C932AA8D81300424944 /* CircularComplicationDemo Watch AppTests */ = {
			isa = PBXNativeTarget;
			buildConfigurationList = F2C48CAB2AA8D81300424944 /* Build configuration list for PBXNativeTarget "CircularComplicationDemo Watch AppTests" */;
			buildPhases = (
				F2C48C902AA8D81300424944 /* Sources */,
				F2C48C912AA8D81300424944 /* Frameworks */,
				F2C48C922AA8D81300424944 /* Resources */,
			);
			buildRules = (
			);
			dependencies = (
				F2C48C962AA8D81300424944 /* PBXTargetDependency */,
			);
			name = "CircularComplicationDemo Watch AppTests";
			productName = "CircularComplicationDemo Watch AppTests";
			productReference = F2C48C942AA8D81300424944 /* CircularComplicationDemo Watch AppTests.xctest */;
			productType = "com.apple.product-type.bundle.unit-test";
		};
		F2C48C9D2AA8D81300424944 /* CircularComplicationDemo Watch AppUITests */ = {
			isa = PBXNativeTarget;
			buildConfigurationList = F2C48CAE2AA8D81300424944 /* Build configuration list for PBXNativeTarget "CircularComplicationDemo Watch AppUITests" */;
			buildPhases = (
				F2C48C9A2AA8D81300424944 /* Sources */,
				F2C48C9B2AA8D81300424944 /* Frameworks */,
				F2C48C9C2AA8D81300424944 /* Resources */,
			);
			buildRules = (
			);
			dependencies = (
				F2C48CA02AA8D81300424944 /* PBXTargetDependency */,
			);
			name = "CircularComplicationDemo Watch AppUITests";
			productName = "CircularComplicationDemo Watch AppUITests";
			productReference = F2C48C9E2AA8D81300424944 /* CircularComplicationDemo Watch AppUITests.xctest */;
			productType = "com.apple.product-type.bundle.ui-testing";
		};
/* End PBXNativeTarget section */

/* Begin PBXProject section */
		F2C48C7C2AA8D81100424944 /* Project object */ = {
			isa = PBXProject;
			attributes = {
				BuildIndependentTargetsInParallel = 1;
				LastSwiftUpdateCheck = 1500;
				LastUpgradeCheck = 1500;
				TargetAttributes = {
					F2C48C832AA8D81100424944 = {
						CreatedOnToolsVersion = 15.0;
					};
					F2C48C932AA8D81300424944 = {
						CreatedOnToolsVersion = 15.0;
						TestTargetID = F2C48C832AA8D81100424944;
					};
					F2C48C9D2AA8D81300424944 = {
						CreatedOnToolsVersion = 15.0;
						TestTargetID = F2C48C832AA8D81100424944;
					};
				};
			};
			buildConfigurationList = F2C48C7F2AA8D81100424944 /* Build configuration list for PBXProject "CircularComplicationDemo" */;
			compatibilityVersion = "Xcode 14.0";
			developmentRegion = en;
			hasScannedForEncodings = 0;
			knownRegions = (
				en,
				Base,
			);
			mainGroup = F2C48C7B2AA8D81100424944;
			productRefGroup = F2C48C852AA8D81100424944 /* Products */;
			projectDirPath = "";
			projectRoot = "";
			targets = (
				F2C48C832AA8D81100424944 /* CircularComplicationDemo Watch App */,
				F2C48C932AA8D81300424944 /* CircularComplicationDemo Watch AppTests */,
				F2C48C9D2AA8D81300424944 /* CircularComplicationDemo Watch AppUITests */,
			);
		};
/* End PBXProject section */

/* Begin PBXResourcesBuildPhase section */
		F2C48C822AA8D81100424944 /* Resources */ = {
			isa = PBXResourcesBuildPhase;
			buildActionMask = 2147483647;
			files = (
				F2C48C8F2AA8D81300424944 /* Preview Assets.xcassets in Resources */,
				F2C48C8C2AA8D81300424944 /* Assets.xcassets in Resources */,
			);
			runOnlyForDeploymentPostprocessing = 0;
		};
		F2C48C922AA8D81300424944 /* Resources */ = {
			isa = PBXResourcesBuildPhase;
			buildActionMask = 2147483647;
			files = (
			);
			runOnlyForDeploymentPostprocessing = 0;
		};
		F2C48C9C2AA8D81300424944 /* Resources */ = {
			isa = PBXResourcesBuildPhase;
			buildActionMask = 2147483647;
			files = (
			);
			runOnlyForDeploymentPostprocessing = 0;
		};
/* End PBXResourcesBuildPhase section */

/* Begin PBXSourcesBuildPhase section */
		F2C48C802AA8D81100424944 /* Sources */ = {
			isa = PBXSourcesBuildPhase;
			buildActionMask = 2147483647;
			files = (
				F2C48C8A2AA8D81100424944 /* ContentView.swift in Sources */,
				F2C48C882AA8D81100424944 /* CircularComplicationDemoApp.swift in Sources */,
			);
			runOnlyForDeploymentPostprocessing = 0;
		};
		F2C48C902AA8D81300424944 /* Sources */ = {
			isa = PBXSourcesBuildPhase;
			buildActionMask = 2147483647;
			files = (
				F2C48C992AA8D81300424944 /* CircularComplicationDemo_Watch_AppTests.swift in Sources */,
			);
			runOnlyForDeploymentPostprocessing = 0;
		};
		F2C48C9A2AA8D81300424944 /* Sources */ = {
			isa = PBXSourcesBuildPhase;
			buildActionMask = 2147483647;
			files = (
				F2C48CA52AA8D81300424944 /* CircularComplicationDemo_Watch_AppUITestsLaunchTests.swift in Sources */,
				F2C48CA32AA8D81300424944 /* CircularComplicationDemo_Watch_AppUITests.swift in Sources */,
			);
			runOnlyForDeploymentPostprocessing = 0;
		};
/* End PBXSourcesBuildPhase section */

/* Begin PBXTargetDependency section */
		F2C48C962AA8D81300424944 /* PBXTargetDependency */ = {
			isa = PBXTargetDependency;
			target = F2C48C832AA8D81100424944 /* CircularComplicationDemo Watch App */;
			targetProxy = F2C48C952AA8D81300424944 /* PBXContainerItemProxy */;
		};
		F2C48CA02AA8D81300424944 /* PBXTargetDependency */ = {
			isa = PBXTargetDependency;
			target = F2C48C832AA8D81100424944 /* CircularComplicationDemo Watch App */;
			targetProxy = F2C48C9F2AA8D81300424944 /* PBXContainerItemProxy */;
		};
/* End PBXTargetDependency section */

/* Begin XCBuildConfiguration section */
		F2C48CA62AA8D81300424944 /* Debug */ = {
			isa = XCBuildConfiguration;
			buildSettings = {
				ALWAYS_SEARCH_USER_PATHS = NO;
				ASSETCATALOG_COMPILER_GENERATE_SWIFT_ASSET_SYMBOL_EXTENSIONS = YES;
				CLANG_ANALYZER_NONNULL = YES;
				CLANG_ANALYZER_NUMBER_OBJECT_CONVERSION = YES_AGGRESSIVE;
				CLANG_CXX_LANGUAGE_STANDARD = "gnu++20";
				CLANG_ENABLE_MODULES = YES;
				CLANG_ENABLE_OBJC_ARC = YES;
				CLANG_ENABLE_OBJC_WEAK = YES;
				CLANG_WARN_BLOCK_CAPTURE_AUTORELEASING = YES;
				CLANG_WARN_BOOL_CONVERSION = YES;
				CLANG_WARN_COMMA = YES;
				CLANG_WARN_CONSTANT_CONVERSION = YES;
				CLANG_WARN_DEPRECATED_OBJC_IMPLEMENTATIONS = YES;
				CLANG_WARN_DIRECT_OBJC_ISA_USAGE = YES_ERROR;
				CLANG_WARN_DOCUMENTATION_COMMENTS = YES;
				CLANG_WARN_EMPTY_BODY = YES;
				CLANG_WARN_ENUM_CONVERSION = YES;
				CLANG_WARN_INFINITE_RECURSION = YES;
				CLANG_WARN_INT_CONVERSION = YES;
				CLANG_WARN_NON_LITERAL_NULL_CONVERSION = YES;
				CLANG_WARN_OBJC_IMPLICIT_RETAIN_SELF = YES;
				CLANG_WARN_OBJC_LITERAL_CONVERSION = YES;
				CLANG_WARN_OBJC_ROOT_CLASS = YES_ERROR;
				CLANG_WARN_QUOTED_INCLUDE_IN_FRAMEWORK_HEADER = YES;
				CLANG_WARN_RANGE_LOOP_ANALYSIS = YES;
				CLANG_WARN_STRICT_PROTOTYPES = YES;
				CLANG_WARN_SUSPICIOUS_MOVE = YES;
				CLANG_WARN_UNGUARDED_AVAILABILITY = YES_AGGRESSIVE;
				CLANG_WARN_UNREACHABLE_CODE = YES;
				CLANG_WARN__DUPLICATE_METHOD_MATCH = YES;
				COPY_PHASE_STRIP = NO;
				DEBUG_INFORMATION_FORMAT = dwarf;
				ENABLE_STRICT_OBJC_MSGSEND = YES;
				ENABLE_TESTABILITY = YES;
				ENABLE_USER_SCRIPT_SANDBOXING = YES;
				GCC_C_LANGUAGE_STANDARD = gnu17;
				GCC_DYNAMIC_NO_PIC = NO;
				GCC_NO_COMMON_BLOCKS = YES;
				GCC_OPTIMIZATION_LEVEL = 0;
				GCC_PREPROCESSOR_DEFINITIONS = (
					"DEBUG=1",
					"$(inherited)",
				);
				GCC_WARN_64_TO_32_BIT_CONVERSION = YES;
				GCC_WARN_ABOUT_RETURN_TYPE = YES_ERROR;
				GCC_WARN_UNDECLARED_SELECTOR = YES;
				GCC_WARN_UNINITIALIZED_AUTOS = YES_AGGRESSIVE;
				GCC_WARN_UNUSED_FUNCTION = YES;
				GCC_WARN_UNUSED_VARIABLE = YES;
				LOCALIZATION_PREFERS_STRING_CATALOGS = YES;
				MTL_ENABLE_DEBUG_INFO = INCLUDE_SOURCE;
				MTL_FAST_MATH = YES;
				ONLY_ACTIVE_ARCH = YES;
				SWIFT_ACTIVE_COMPILATION_CONDITIONS = "DEBUG $(inherited)";
				SWIFT_OPTIMIZATION_LEVEL = "-Onone";
			};
			name = Debug;
		};
		F2C48CA72AA8D81300424944 /* Release */ = {
			isa = XCBuildConfiguration;
			buildSettings = {
				ALWAYS_SEARCH_USER_PATHS = NO;
				ASSETCATALOG_COMPILER_GENERATE_SWIFT_ASSET_SYMBOL_EXTENSIONS = YES;
				CLANG_ANALYZER_NONNULL = YES;
				CLANG_ANALYZER_NUMBER_OBJECT_CONVERSION = YES_AGGRESSIVE;
				CLANG_CXX_LANGUAGE_STANDARD = "gnu++20";
				CLANG_ENABLE_MODULES = YES;
				CLANG_ENABLE_OBJC_ARC = YES;
				CLANG_ENABLE_OBJC_WEAK = YES;
				CLANG_WARN_BLOCK_CAPTURE_AUTORELEASING = YES;
				CLANG_WARN_BOOL_CONVERSION = YES;
				CLANG_WARN_COMMA = YES;
				CLANG_WARN_CONSTANT_CONVERSION = YES;
				CLANG_WARN_DEPRECATED_OBJC_IMPLEMENTATIONS = YES;
				CLANG_WARN_DIRECT_OBJC_ISA_USAGE = YES_ERROR;
				CLANG_WARN_DOCUMENTATION_COMMENTS = YES;
				CLANG_WARN_EMPTY_BODY = YES;
				CLANG_WARN_ENUM_CONVERSION = YES;
				CLANG_WARN_INFINITE_RECURSION = YES;
				CLANG_WARN_INT_CONVERSION = YES;
				CLANG_WARN_NON_LITERAL_NULL_CONVERSION = YES;
				CLANG_WARN_OBJC_IMPLICIT_RETAIN_SELF = YES;
				CLANG_WARN_OBJC_LITERAL_CONVERSION = YES;
				CLANG_WARN_OBJC_ROOT_CLASS = YES_ERROR;
				CLANG_WARN_QUOTED_INCLUDE_IN_FRAMEWORK_HEADER = YES;
				CLANG_WARN_RANGE_LOOP_ANALYSIS = YES;
				CLANG_WARN_STRICT_PROTOTYPES = YES;
				CLANG_WARN_SUSPICIOUS_MOVE = YES;
				CLANG_WARN_UNGUARDED_AVAILABILITY = YES_AGGRESSIVE;
				CLANG_WARN_UNREACHABLE_CODE = YES;
				CLANG_WARN__DUPLICATE_METHOD_MATCH = YES;
				COPY_PHASE_STRIP = NO;
				DEBUG_INFORMATION_FORMAT = "dwarf-with-dsym";
				ENABLE_NS_ASSERTIONS = NO;
				ENABLE_STRICT_OBJC_MSGSEND = YES;
				ENABLE_USER_SCRIPT_SANDBOXING = YES;
				GCC_C_LANGUAGE_STANDARD = gnu17;
				GCC_NO_COMMON_BLOCKS = YES;
				GCC_WARN_64_TO_32_BIT_CONVERSION = YES;
				GCC_WARN_ABOUT_RETURN_TYPE = YES_ERROR;
				GCC_WARN_UNDECLARED_SELECTOR = YES;
				GCC_WARN_UNINITIALIZED_AUTOS = YES_AGGRESSIVE;
				GCC_WARN_UNUSED_FUNCTION = YES;
				GCC_WARN_UNUSED_VARIABLE = YES;
				LOCALIZATION_PREFERS_STRING_CATALOGS = YES;
				MTL_ENABLE_DEBUG_INFO = NO;
				MTL_FAST_MATH = YES;
				SWIFT_COMPILATION_MODE = wholemodule;
			};
			name = Release;
		};
		F2C48CA92AA8D81300424944 /* Debug */ = {
			isa = XCBuildConfiguration;
			buildSettings = {
				ASSETCATALOG_COMPILER_APPICON_NAME = AppIcon;
				ASSETCATALOG_COMPILER_GLOBAL_ACCENT_COLOR_NAME = AccentColor;
				CODE_SIGN_STYLE = Automatic;
				CURRENT_PROJECT_VERSION = 1;
				DEVELOPMENT_ASSET_PATHS = "\"CircularComplicationDemo Watch App/Preview Content\"";
				DEVELOPMENT_TEAM = VT9QW74UCT;
				ENABLE_PREVIEWS = YES;
				GENERATE_INFOPLIST_FILE = YES;
				INFOPLIST_KEY_CFBundleDisplayName = CircularComplicationDemo;
				INFOPLIST_KEY_UISupportedInterfaceOrientations = "UIInterfaceOrientationPortrait UIInterfaceOrientationPortraitUpsideDown";
				INFOPLIST_KEY_WKCompanionAppBundleIdentifier = "";
				LD_RUNPATH_SEARCH_PATHS = (
					"$(inherited)",
					"@executable_path/Frameworks",
				);
				MARKETING_VERSION = 1.0;
				PRODUCT_BUNDLE_IDENTIFIER = .watchkitapp;
				PRODUCT_NAME = "$(TARGET_NAME)";
				SDKROOT = watchos;
				SKIP_INSTALL = YES;
				SWIFT_EMIT_LOC_STRINGS = YES;
				SWIFT_VERSION = 5.0;
				TARGETED_DEVICE_FAMILY = 4;
				WATCHOS_DEPLOYMENT_TARGET = 10.0;
			};
			name = Debug;
		};
		F2C48CAA2AA8D81300424944 /* Release */ = {
			isa = XCBuildConfiguration;
			buildSettings = {
				ASSETCATALOG_COMPILER_APPICON_NAME = AppIcon;
				ASSETCATALOG_COMPILER_GLOBAL_ACCENT_COLOR_NAME = AccentColor;
				CODE_SIGN_STYLE = Automatic;
				CURRENT_PROJECT_VERSION = 1;
				DEVELOPMENT_ASSET_PATHS = "\"CircularComplicationDemo Watch App/Preview Content\"";
				DEVELOPMENT_TEAM = VT9QW74UCT;
				ENABLE_PREVIEWS = YES;
				GENERATE_INFOPLIST_FILE = YES;
				INFOPLIST_KEY_CFBundleDisplayName = CircularComplicationDemo;
				INFOPLIST_KEY_UISupportedInterfaceOrientations = "UIInterfaceOrientationPortrait UIInterfaceOrientationPortraitUpsideDown";
				INFOPLIST_KEY_WKCompanionAppBundleIdentifier = "";
				LD_RUNPATH_SEARCH_PATHS = (
					"$(inherited)",
					"@executable_path/Frameworks",
				);
				MARKETING_VERSION = 1.0;
				PRODUCT_BUNDLE_IDENTIFIER = .watchkitapp;
				PRODUCT_NAME = "$(TARGET_NAME)";
				SDKROOT = watchos;
				SKIP_INSTALL = YES;
				SWIFT_EMIT_LOC_STRINGS = YES;
				SWIFT_VERSION = 5.0;
				TARGETED_DEVICE_FAMILY = 4;
				VALIDATE_PRODUCT = YES;
				WATCHOS_DEPLOYMENT_TARGET = 10.0;
			};
			name = Release;
		};
		F2C48CAC2AA8D81300424944 /* Debug */ = {
			isa = XCBuildConfiguration;
			buildSettings = {
				ALWAYS_EMBED_SWIFT_STANDARD_LIBRARIES = YES;
				BUNDLE_LOADER = "$(TEST_HOST)";
				CODE_SIGN_STYLE = Automatic;
				CURRENT_PROJECT_VERSION = 1;
				DEVELOPMENT_TEAM = VT9QW74UCT;
				GENERATE_INFOPLIST_FILE = YES;
				MARKETING_VERSION = 1.0;
				PRODUCT_BUNDLE_IDENTIFIER = "com.JoynalAbedin.CircularComplicationDemo-Watch-AppTests";
				PRODUCT_NAME = "$(TARGET_NAME)";
				SDKROOT = watchos;
				SWIFT_EMIT_LOC_STRINGS = NO;
				SWIFT_VERSION = 5.0;
				TARGETED_DEVICE_FAMILY = 4;
				TEST_HOST = "$(BUILT_PRODUCTS_DIR)/CircularComplicationDemo Watch App.app/$(BUNDLE_EXECUTABLE_FOLDER_PATH)/CircularComplicationDemo Watch App";
				WATCHOS_DEPLOYMENT_TARGET = 10.0;
			};
			name = Debug;
		};
		F2C48CAD2AA8D81300424944 /* Release */ = {
			isa = XCBuildConfiguration;
			buildSettings = {
				ALWAYS_EMBED_SWIFT_STANDARD_LIBRARIES = YES;
				BUNDLE_LOADER = "$(TEST_HOST)";
				CODE_SIGN_STYLE = Automatic;
				CURRENT_PROJECT_VERSION = 1;
				DEVELOPMENT_TEAM = VT9QW74UCT;
				GENERATE_INFOPLIST_FILE = YES;
				MARKETING_VERSION = 1.0;
				PRODUCT_BUNDLE_IDENTIFIER = "com.JoynalAbedin.CircularComplicationDemo-Watch-AppTests";
				PRODUCT_NAME = "$(TARGET_NAME)";
				SDKROOT = watchos;
				SWIFT_EMIT_LOC_STRINGS = NO;
				SWIFT_VERSION = 5.0;
				TARGETED_DEVICE_FAMILY = 4;
				TEST_HOST = "$(BUILT_PRODUCTS_DIR)/CircularComplicationDemo Watch App.app/$(BUNDLE_EXECUTABLE_FOLDER_PATH)/CircularComplicationDemo Watch App";
				VALIDATE_PRODUCT = YES;
				WATCHOS_DEPLOYMENT_TARGET = 10.0;
			};
			name = Release;
		};
		F2C48CAF2AA8D81300424944 /* Debug */ = {
			isa = XCBuildConfiguration;
			buildSettings = {
				ALWAYS_EMBED_SWIFT_STANDARD_LIBRARIES = YES;
				CODE_SIGN_STYLE = Automatic;
				CURRENT_PROJECT_VERSION = 1;
				DEVELOPMENT_TEAM = VT9QW74UCT;
				GENERATE_INFOPLIST_FILE = YES;
				MARKETING_VERSION = 1.0;
				PRODUCT_BUNDLE_IDENTIFIER = "com.JoynalAbedin.CircularComplicationDemo-Watch-AppUITests";
				PRODUCT_NAME = "$(TARGET_NAME)";
				SDKROOT = watchos;
				SWIFT_EMIT_LOC_STRINGS = NO;
				SWIFT_VERSION = 5.0;
				TARGETED_DEVICE_FAMILY = 4;
				TEST_TARGET_NAME = "CircularComplicationDemo Watch App";
				WATCHOS_DEPLOYMENT_TARGET = 10.0;
			};
			name = Debug;
		};
		F2C48CB02AA8D81300424944 /* Release */ = {
			isa = XCBuildConfiguration;
			buildSettings = {
				ALWAYS_EMBED_SWIFT_STANDARD_LIBRARIES = YES;
				CODE_SIGN_STYLE = Automatic;
				CURRENT_PROJECT_VERSION = 1;
				DEVELOPMENT_TEAM = VT9QW74UCT;
				GENERATE_INFOPLIST_FILE = YES;
				MARKETING_VERSION = 1.0;
				PRODUCT_BUNDLE_IDENTIFIER = "com.JoynalAbedin.CircularComplicationDemo-Watch-AppUITests";
				PRODUCT_NAME = "$(TARGET_NAME)";
				SDKROOT = watchos;
				SWIFT_EMIT_LOC_STRINGS = NO;
				SWIFT_VERSION = 5.0;
				TARGETED_DEVICE_FAMILY = 4;
				TEST_TARGET_NAME = "CircularComplicationDemo Watch App";
				VALIDATE_PRODUCT = YES;
				WATCHOS_DEPLOYMENT_TARGET = 10.0;
			};
			name = Release;
		};
/* End XCBuildConfiguration section */

/* Begin XCConfigurationList section */
		F2C48C7F2AA8D81100424944 /* Build configuration list for PBXProject "CircularComplicationDemo" */ = {
			isa = XCConfigurationList;
			buildConfigurations = (
				F2C48CA62AA8D81300424944 /* Debug */,
				F2C48CA72AA8D81300424944 /* Release */,
			);
			defaultConfigurationIsVisible = 0;
			defaultConfigurationName = Release;
		};
		F2C48CA82AA8D81300424944 /* Build configuration list for PBXNativeTarget "CircularComplicationDemo Watch App" */ = {
			isa = XCConfigurationList;
			buildConfigurations = (
				F2C48CA92AA8D81300424944 /* Debug */,
				F2C48CAA2AA8D81300424944 /* Release */,
			);
			defaultConfigurationIsVisible = 0;
			defaultConfigurationName = Release;
		};
		F2C48CAB2AA8D81300424944 /* Build configuration list for PBXNativeTarget "CircularComplicationDemo Watch AppTests" */ = {
			isa = XCConfigurationList;
			buildConfigurations = (
				F2C48CAC2AA8D81300424944 /* Debug */,
				F2C48CAD2AA8D81300424944 /* Release */,
			);
			defaultConfigurationIsVisible = 0;
			defaultConfigurationName = Release;
		};
		F2C48CAE2AA8D81300424944 /* Build configuration list for PBXNativeTarget "CircularComplicationDemo Watch AppUITests" */ = {
			isa = XCConfigurationList;
			buildConfigurations = (
				F2C48CAF2AA8D81300424944 /* Debug */,
				F2C48CB02AA8D81300424944 /* Release */,
			);
			defaultConfigurationIsVisible = 0;
			defaultConfigurationName = Release;
		};
/* End XCConfigurationList section */
	};
	rootObject = F2C48C7C2AA8D81100424944 /* Project object */;
}
